
Microsoft Visual Studio Solution File, Format Version 12.00
# Visual Studio 2013
VisualStudioVersion = 12.0.31101.0
MinimumVisualStudioVersion = 10.0.40219.1
Project("{FAE04EC0-301F-11D3-BF4B-00C04F79EFBC}") = "01.SortArrayOfNumbers", "01.SortArrayOfNumbers\01.SortArrayOfNumbers.csproj", "{1767AE36-59A0-48E2-9533-AF910EC96E5B}"
EndProject
Project("{FAE04EC0-301F-11D3-BF4B-00C04F79EFBC}") = "02.SortArrayOfNumbersUsingSelectionSort", "02.SortArrayOfNumbersUsingSelectionSort\02.SortArrayOfNumbersUsingSelectionSort.csproj", "{0CC10174-05A3-4BDA-8E9F-B8E2980641D7}"
EndProject
Project("{FAE04EC0-301F-11D3-BF4B-00C04F79EFBC}") = "03.CategorizeNumbers", "03.CategorizeNumbers\03.CategorizeNumbers.csproj", "{841C203A-3D50-4856-81E7-8DC8C0829C40}"
EndProject
Project("{FAE04EC0-301F-11D3-BF4B-00C04F79EFBC}") = "04.SequencesOfEqualStrings", "04.SequencesOfEqualStrings\04.SequencesOfEqualStrings.csproj", "{2F29AEE6-66FB-4D69-B85F-52C123ABDB74}"
EndProject
Project("{FAE04EC0-301F-11D3-BF4B-00C04F79EFBC}") = "05.LongestIncreasingSequence", "05.LongestIncreasingSequence\05.LongestIncreasingSequence.csproj", "{3C694F13-4A48-41ED-B42E-BA924734041A}"
EndProject
Project("{FAE04EC0-301F-11D3-BF4B-00C04F79EFBC}") = "06.SubsetSums", "06.SubsetSums\06.SubsetSums.csproj", "{9FA4BF0B-0FA1-489B-B9D1-EA9CB51BF4F6}"
EndProject
Global
	GlobalSection(SolutionConfigurationPlatforms) = preSolution
		Debug|Any CPU = Debug|Any CPU
		Release|Any CPU = Release|Any CPU
	EndGlobalSection
	GlobalSection(ProjectConfigurationPlatforms) = postSolution
		{1767AE36-59A0-48E2-9533-AF910EC96E5B}.Debug|Any CPU.ActiveCfg = Debug|Any CPU
		{1767AE36-59A0-48E2-9533-AF910EC96E5B}.Debug|Any CPU.Build.0 = Debug|Any CPU
		{1767AE36-59A0-48E2-9533-AF910EC96E5B}.Release|Any CPU.ActiveCfg = Release|Any CPU
		{1767AE36-59A0-48E2-9533-AF910EC96E5B}.Release|Any CPU.Build.0 = Release|Any CPU
		{0CC10174-05A3-4BDA-8E9F-B8E2980641D7}.Debug|Any CPU.ActiveCfg = Debug|Any CPU
		{0CC10174-05A3-4BDA-8E9F-B8E2980641D7}.Debug|Any CPU.Build.0 = Debug|Any CPU
		{0CC10174-05A3-4BDA-8E9F-B8E2980641D7}.Release|Any CPU.ActiveCfg = Release|Any CPU
		{0CC10174-05A3-4BDA-8E9F-B8E2980641D7}.Release|Any CPU.Build.0 = Release|Any CPU
		{841C203A-3D50-4856-81E7-8DC8C0829C40}.Debug|Any CPU.ActiveCfg = Debug|Any CPU
		{841C203A-3D50-4856-81E7-8DC8C0829C40}.Debug|Any CPU.Build.0 = Debug|Any CPU
		{841C203A-3D50-4856-81E7-8DC8C0829C40}.Release|Any CPU.ActiveCfg = Release|Any CPU
		{841C203A-3D50-4856-81E7-8DC8C0829C40}.Release|Any CPU.Build.0 = Release|Any CPU
		{2F29AEE6-66FB-4D69-B85F-52C123ABDB74}.Debug|Any CPU.ActiveCfg = Debug|Any CPU
		{2F29AEE6-66FB-4D69-B85F-52C123ABDB74}.Debug|Any CPU.Build.0 = Debug|Any CPU
		{2F29AEE6-66FB-4D69-B85F-52C123ABDB74}.Release|Any CPU.ActiveCfg = Release|Any CPU
		{2F29AEE6-66FB-4D69-B85F-52C123ABDB74}.Release|Any CPU.Build.0 = Release|Any CPU
		{3C694F13-4A48-41ED-B42E-BA924734041A}.Debug|Any CPU.ActiveCfg = Debug|Any CPU
		{3C694F13-4A48-41ED-B42E-BA924734041A}.Debug|Any CPU.Build.0 = Debug|Any CPU
		{3C694F13-4A48-41ED-B42E-BA924734041A}.Release|Any CPU.ActiveCfg = Release|Any CPU
		{3C694F13-4A48-41ED-B42E-BA924734041A}.Release|Any CPU.Build.0 = Release|Any CPU
		{9FA4BF0B-0FA1-489B-B9D1-EA9CB51BF4F6}.Debug|Any CPU.ActiveCfg = Debug|Any CPU
		{9FA4BF0B-0FA1-489B-B9D1-EA9CB51BF4F6}.Debug|Any CPU.Build.0 = Debug|Any CPU
		{9FA4BF0B-0FA1-489B-B9D1-EA9CB51BF4F6}.Release|Any CPU.ActiveCfg = Release|Any CPU
		{9FA4BF0B-0FA1-489B-B9D1-EA9CB51BF4F6}.Release|Any CPU.Build.0 = Release|Any CPU
	EndGlobalSection
	GlobalSection(SolutionProperties) = preSolution
		HideSolutionNode = FALSE
	EndGlobalSection
EndGlobal
